PODS:
  - AFNetworking (3.1.0):
    - AFNetworking/NSURLSession (= 3.1.0)
    - AFNetworking/Reachability (= 3.1.0)
    - AFNetworking/Security (= 3.1.0)
    - AFNetworking/Serialization (= 3.1.0)
    - AFNetworking/UIKit (= 3.1.0)
  - AFNetworking/NSURLSession (3.1.0):
    - AFNetworking/Reachability
    - AFNetworking/Security
    - AFNetworking/Serialization
  - AFNetworking/Reachability (3.1.0)
  - AFNetworking/Security (3.1.0)
  - AFNetworking/Serialization (3.1.0)
  - AFNetworking/UIKit (3.1.0):
    - AFNetworking/NSURLSession
  - DOUAudioStreamer (0.2.15)
  - MJExtension (3.0.13)
  - MJRefresh (3.1.15)
  - Realm (3.0.2):
    - Realm/Headers (= 3.0.2)
  - Realm/Headers (3.0.2)
  - RealmSwift (3.0.2):
    - Realm (= 3.0.2)
  - SDWebImage (4.2.2):
    - SDWebImage/Core (= 4.2.2)
  - SDWebImage/Core (4.2.2)
  - SnapKit (3.2.0)
  - Toast-Swift (3.0.1)

DEPENDENCIES:
  - AFNetworking (= 3.1.0)
  - DOUAudioStreamer (= 0.2.15)
  - MJExtension (= 3.0.13)
  - MJRefresh (= 3.1.15)
  - RealmSwift (= 3.0.2)
  - SDWebImage (= 4.2.2)
  - SnapKit (= 3.2.0)
  - Toast-Swift (= 3.0.1)

SPEC CHECKSUMS:
  AFNetworking: 5e0e199f73d8626b11e79750991f5d173d1f8b67
  DOUAudioStreamer: 14f217bab01b52171fc2bd7d96e1f8fdd50fce68
  MJExtension: 5932755f451458eefa24239358817f8d291240c7
  MJRefresh: 9af70f5f9327a2cf87f0fb5929f35fcc2fa638ea
  Realm: 6f23fd1f178a09342eac21bfa7c2bf4312a7a180
  RealmSwift: 695393add1b8f9d5fa75dd16e6355cf3935f71e2
  SDWebImage: 89a9d32cd520bbb46eb14e541d5109b3564af198
  SnapKit: 1ca44df72cfa543218d177cb8aab029d10d86ea7
  Toast-Swift: ba0b01b095aada709d915f9beb1d38184a2721c3

PODFILE CHECKSUM: 0fdaed0974cb062375c2280602e0d435c0b0e24b

COCOAPODS: 1.4.0.beta.2
