// !$*UTF8*$!
{
	archiveVersion = 1;
	classes = {
	};
	objectVersion = 48;
	objects = {

/* Begin PBXBuildFile section */
		3C04077C1FC3F5A800080935 /* AppDelegate.swift in Sources */ = {isa = PBXBuildFile; fileRef = 3C0407691FC3F5A800080935 /* AppDelegate.swift */; };
		3C04077D1FC3F5A800080935 /* Info.plist in Resources */ = {isa = PBXBuildFile; fileRef = 3C04076B1FC3F5A800080935 /* Info.plist */; };
		3C04077E1FC3F5A800080935 /* LaunchScreen.storyboard in Resources */ = {isa = PBXBuildFile; fileRef = 3C04076F1FC3F5A800080935 /* LaunchScreen.storyboard */; };
		3C0407821FC3F5A800080935 /* Assets.xcassets in Resources */ = {isa = PBXBuildFile; fileRef = 3C04077A1FC3F5A800080935 /* Assets.xcassets */; };
		3C0407891FC3FFA400080935 /* GlobalMacro.swift in Sources */ = {isa = PBXBuildFile; fileRef = 3C0407881FC3FFA400080935 /* GlobalMacro.swift */; };
		3C04078B1FC4001E00080935 /* NetworkMacro.swift in Sources */ = {isa = PBXBuildFile; fileRef = 3C04078A1FC4001E00080935 /* NetworkMacro.swift */; };
		3C0EE6741FCAE53B00046C5A /* LanguageHelper.swift in Sources */ = {isa = PBXBuildFile; fileRef = 3C0EE6731FCAE53B00046C5A /* LanguageHelper.swift */; };
		3C0EE6761FCAE9AD00046C5A /* UserDefaultMacro.swift in Sources */ = {isa = PBXBuildFile; fileRef = 3C0EE6751FCAE9AD00046C5A /* UserDefaultMacro.swift */; };
		3C16B8A81FCC68A000FAABCA /* common_btn_cd_activated.png in Resources */ = {isa = PBXBuildFile; fileRef = 3C16B8A61FCC68A000FAABCA /* common_btn_cd_activated.png */; };
		3C16B8A91FCC68A000FAABCA /* common_btn_cd_normal.png in Resources */ = {isa = PBXBuildFile; fileRef = 3C16B8A71FCC68A000FAABCA /* common_btn_cd_normal.png */; };
		3C16B8AF1FCDA95100FAABCA /* LoopPageView.swift in Sources */ = {isa = PBXBuildFile; fileRef = 3C16B8AE1FCDA95100FAABCA /* LoopPageView.swift */; };
		3C16B8B11FCE3CFE00FAABCA /* UIView+Extension.swift in Sources */ = {isa = PBXBuildFile; fileRef = 3C16B8B01FCE3CFE00FAABCA /* UIView+Extension.swift */; };
		3C16B8B31FCE3EB400FAABCA /* default_cover_2.png in Resources */ = {isa = PBXBuildFile; fileRef = 3C16B8B21FCE3EB300FAABCA /* default_cover_2.png */; };
		3C16B8B51FCE497D00FAABCA /* FMPlayerView.xib in Resources */ = {isa = PBXBuildFile; fileRef = 3C16B8B41FCE497D00FAABCA /* FMPlayerView.xib */; };
		3C16B8C41FCE4E7A00FAABCA /* fm_player_btn_stop_pressed.png in Resources */ = {isa = PBXBuildFile; fileRef = 3C16B8B71FCE4E7A00FAABCA /* fm_player_btn_stop_pressed.png */; };
		3C16B8C51FCE4E7A00FAABCA /* fm_player_btn_prev_normal.png in Resources */ = {isa = PBXBuildFile; fileRef = 3C16B8B81FCE4E7A00FAABCA /* fm_player_btn_prev_normal.png */; };
		3C16B8C61FCE4E7A00FAABCA /* fm_player_btn_more_pressed.png in Resources */ = {isa = PBXBuildFile; fileRef = 3C16B8B91FCE4E7A00FAABCA /* fm_player_btn_more_pressed.png */; };
		3C16B8C71FCE4E7A00FAABCA /* fm_player_btn_play_pressed.png in Resources */ = {isa = PBXBuildFile; fileRef = 3C16B8BA1FCE4E7A00FAABCA /* fm_player_btn_play_pressed.png */; };
		3C16B8C81FCE4E7A00FAABCA /* fm_player_btn_more_normal.png in Resources */ = {isa = PBXBuildFile; fileRef = 3C16B8BB1FCE4E7A00FAABCA /* fm_player_btn_more_normal.png */; };
		3C16B8C91FCE4E7A00FAABCA /* fm_player_btn_play_normal.png in Resources */ = {isa = PBXBuildFile; fileRef = 3C16B8BC1FCE4E7A00FAABCA /* fm_player_btn_play_normal.png */; };
		3C16B8CA1FCE4E7A00FAABCA /* fm_player_btn_prev_pressed.png in Resources */ = {isa = PBXBuildFile; fileRef = 3C16B8BD1FCE4E7A00FAABCA /* fm_player_btn_prev_pressed.png */; };
		3C16B8CB1FCE4E7A00FAABCA /* fm_player_btn_next_pressed.png in Resources */ = {isa = PBXBuildFile; fileRef = 3C16B8BE1FCE4E7A00FAABCA /* fm_player_btn_next_pressed.png */; };
		3C16B8CC1FCE4E7A00FAABCA /* fm_player_btn_love_selected.png in Resources */ = {isa = PBXBuildFile; fileRef = 3C16B8BF1FCE4E7A00FAABCA /* fm_player_btn_love_selected.png */; };
		3C16B8CD1FCE4E7A00FAABCA /* fm_player_btn_play_loading.png in Resources */ = {isa = PBXBuildFile; fileRef = 3C16B8C01FCE4E7A00FAABCA /* fm_player_btn_play_loading.png */; };
		3C16B8CE1FCE4E7A00FAABCA /* fm_player_btn_love_normal.png in Resources */ = {isa = PBXBuildFile; fileRef = 3C16B8C11FCE4E7A00FAABCA /* fm_player_btn_love_normal.png */; };
		3C16B8CF1FCE4E7A00FAABCA /* fm_player_btn_next_normal.png in Resources */ = {isa = PBXBuildFile; fileRef = 3C16B8C21FCE4E7A00FAABCA /* fm_player_btn_next_normal.png */; };
		3C16B8D01FCE4E7A00FAABCA /* fm_player_btn_stop_normal.png in Resources */ = {isa = PBXBuildFile; fileRef = 3C16B8C31FCE4E7A00FAABCA /* fm_player_btn_stop_normal.png */; };
		3C16B8D21FCE5B7000FAABCA /* FMPlayerView.swift in Sources */ = {isa = PBXBuildFile; fileRef = 3C16B8D11FCE5B7000FAABCA /* FMPlayerView.swift */; };
		3C16B8D61FCE837E00FAABCA /* UIImage+Extension.swift in Sources */ = {isa = PBXBuildFile; fileRef = 3C16B8D51FCE837E00FAABCA /* UIImage+Extension.swift */; };
		3C16B8D81FCE85CD00FAABCA /* common_seek_img_thumb.png in Resources */ = {isa = PBXBuildFile; fileRef = 3C16B8D71FCE85CD00FAABCA /* common_seek_img_thumb.png */; };
		3C16B8DA1FCE917E00FAABCA /* SliderView.swift in Sources */ = {isa = PBXBuildFile; fileRef = 3C16B8D91FCE917E00FAABCA /* SliderView.swift */; };
		3C16B8DD1FCEA63000FAABCA /* PlayerHelper.swift in Sources */ = {isa = PBXBuildFile; fileRef = 3C16B8DC1FCEA62F00FAABCA /* PlayerHelper.swift */; };
		3C322AC61FD0EAAB00961348 /* DownloadTask.swift in Sources */ = {isa = PBXBuildFile; fileRef = 3C322AC51FD0EAAB00961348 /* DownloadTask.swift */; };
		3C322AC81FD1040B00961348 /* bg.png in Resources */ = {isa = PBXBuildFile; fileRef = 3C322AC71FD1040B00961348 /* bg.png */; };
		3C367A6D1FCF08FF00F6323F /* UIImageView+Extension.swift in Sources */ = {isa = PBXBuildFile; fileRef = 3C367A6C1FCF08FF00F6323F /* UIImageView+Extension.swift */; };
		3C48ACC31FCB942A00B8992A /* UIColor+Extension.swift in Sources */ = {isa = PBXBuildFile; fileRef = 3C48ACC21FCB942A00B8992A /* UIColor+Extension.swift */; };
		3C48ACC51FCBB0FA00B8992A /* Dictionary+Extension.swift in Sources */ = {isa = PBXBuildFile; fileRef = 3C48ACC41FCBB0FA00B8992A /* Dictionary+Extension.swift */; };
		3C48ACCA1FCBB69800B8992A /* ResultModel.swift in Sources */ = {isa = PBXBuildFile; fileRef = 3C48ACC91FCBB69800B8992A /* ResultModel.swift */; };
		3C48ACCD1FCBB8D000B8992A /* HttpRequest.swift in Sources */ = {isa = PBXBuildFile; fileRef = 3C48ACCC1FCBB8D000B8992A /* HttpRequest.swift */; };
		3C48ACD11FCBBC3C00B8992A /* BaseViewModel.swift in Sources */ = {isa = PBXBuildFile; fileRef = 3C48ACD01FCBBC3C00B8992A /* BaseViewModel.swift */; };
		3C48ACD31FCBBC7800B8992A /* FMViewModel.swift in Sources */ = {isa = PBXBuildFile; fileRef = 3C48ACD21FCBBC7800B8992A /* FMViewModel.swift */; };
		3C48ACDE1FCBEABD00B8992A /* FMSongListResultModel.swift in Sources */ = {isa = PBXBuildFile; fileRef = 3C48ACDC1FCBEABD00B8992A /* FMSongListResultModel.swift */; };
		3C48ACDF1FCBEABD00B8992A /* FMChannelListResultModel.swift in Sources */ = {isa = PBXBuildFile; fileRef = 3C48ACDD1FCBEABD00B8992A /* FMChannelListResultModel.swift */; };
		3C48ACE11FCBEE7F00B8992A /* FMChannelView.swift in Sources */ = {isa = PBXBuildFile; fileRef = 3C48ACE01FCBEE7F00B8992A /* FMChannelView.swift */; };
		3C526F691FCF95D80093B837 /* LyricView.swift in Sources */ = {isa = PBXBuildFile; fileRef = 3C526F681FCF95D80093B837 /* LyricView.swift */; };
		3C526F731FD029B80093B837 /* default_ad_banner.png in Resources */ = {isa = PBXBuildFile; fileRef = 3C526F721FD029B80093B837 /* default_ad_banner.png */; };
		3C526F7A1FD030580093B837 /* launch.png in Resources */ = {isa = PBXBuildFile; fileRef = 3C526F791FD030580093B837 /* launch.png */; };
		3C58CFC31FC94F1800045BA9 /* Log.swift in Sources */ = {isa = PBXBuildFile; fileRef = 3C58CFC21FC94F1800045BA9 /* Log.swift */; };
		3C58CFC61FC9525300045BA9 /* DataHelper.swift in Sources */ = {isa = PBXBuildFile; fileRef = 3C58CFC51FC9525300045BA9 /* DataHelper.swift */; };
		3C58CFC91FC96AD800045BA9 /* test.png in Resources */ = {isa = PBXBuildFile; fileRef = 3C58CFC81FC96AD700045BA9 /* test.png */; };
		3C58CFD31FC9A86700045BA9 /* String+Extension.swift in Sources */ = {isa = PBXBuildFile; fileRef = 3C58CFD21FC9A86700045BA9 /* String+Extension.swift */; };
		3C58CFD81FC9B41F00045BA9 /* test.lrc in Resources */ = {isa = PBXBuildFile; fileRef = 3C58CFD71FC9B41F00045BA9 /* test.lrc */; };
		3C58CFDA1FC9B83600045BA9 /* Float+Extension.swift in Sources */ = {isa = PBXBuildFile; fileRef = 3C58CFD91FC9B83600045BA9 /* Float+Extension.swift */; };
		3C6203F41FC5AA6C003D2309 /* AudioFile.swift in Sources */ = {isa = PBXBuildFile; fileRef = 3C6203F21FC5AA6B003D2309 /* AudioFile.swift */; };
		3C6203F51FC5AA6C003D2309 /* AudioPlayer.swift in Sources */ = {isa = PBXBuildFile; fileRef = 3C6203F31FC5AA6B003D2309 /* AudioPlayer.swift */; };
		3C7C72631FC90AFA008793E6 /* MainViewController.swift in Sources */ = {isa = PBXBuildFile; fileRef = 3C7C72621FC90AFA008793E6 /* MainViewController.swift */; };
		3C7C72651FC91B87008793E6 /* NotificationMacro.swift in Sources */ = {isa = PBXBuildFile; fileRef = 3C7C72641FC91B87008793E6 /* NotificationMacro.swift */; };
		3C7C72671FC924D6008793E6 /* Double+Extension.swift in Sources */ = {isa = PBXBuildFile; fileRef = 3C7C72661FC924D6008793E6 /* Double+Extension.swift */; };
		3CD05F2F1FCA953D00FEC161 /* Localizable.strings in Resources */ = {isa = PBXBuildFile; fileRef = 3CD05F311FCA953D00FEC161 /* Localizable.strings */; };
		3CD05F3F1FCA9C5A00FEC161 /* Main.storyboard in Resources */ = {isa = PBXBuildFile; fileRef = 3CD05F3E1FCA9C5A00FEC161 /* Main.storyboard */; };
		3CD05F4A1FCA9DBB00FEC161 /* FMView.swift in Sources */ = {isa = PBXBuildFile; fileRef = 3CD05F491FCA9DBB00FEC161 /* FMView.swift */; };
		3CD05F4C1FCA9DC900FEC161 /* MyMusicView.swift in Sources */ = {isa = PBXBuildFile; fileRef = 3CD05F4B1FCA9DC900FEC161 /* MyMusicView.swift */; };
		3CD05F4E1FCA9DD900FEC161 /* DiscoverView.swift in Sources */ = {isa = PBXBuildFile; fileRef = 3CD05F4D1FCA9DD900FEC161 /* DiscoverView.swift */; };
		3CD05F501FCA9DE500FEC161 /* SearchView.swift in Sources */ = {isa = PBXBuildFile; fileRef = 3CD05F4F1FCA9DE500FEC161 /* SearchView.swift */; };
		3CD05F521FCA9DF100FEC161 /* MeView.swift in Sources */ = {isa = PBXBuildFile; fileRef = 3CD05F511FCA9DF100FEC161 /* MeView.swift */; };
		3CD05F541FCA9F8800FEC161 /* TabView.xib in Resources */ = {isa = PBXBuildFile; fileRef = 3CD05F531FCA9F8800FEC161 /* TabView.xib */; };
		3CD05F601FCAA85800FEC161 /* tab_mine_normal.png in Resources */ = {isa = PBXBuildFile; fileRef = 3CD05F561FCAA85800FEC161 /* tab_mine_normal.png */; };
		3CD05F611FCAA85800FEC161 /* tab_search_normal.png in Resources */ = {isa = PBXBuildFile; fileRef = 3CD05F571FCAA85800FEC161 /* tab_search_normal.png */; };
		3CD05F621FCAA85800FEC161 /* tab_fm_selected.png in Resources */ = {isa = PBXBuildFile; fileRef = 3CD05F581FCAA85800FEC161 /* tab_fm_selected.png */; };
		3CD05F631FCAA85800FEC161 /* tab_mine_selected.png in Resources */ = {isa = PBXBuildFile; fileRef = 3CD05F591FCAA85800FEC161 /* tab_mine_selected.png */; };
		3CD05F641FCAA85800FEC161 /* tab_fm_normal.png in Resources */ = {isa = PBXBuildFile; fileRef = 3CD05F5A1FCAA85800FEC161 /* tab_fm_normal.png */; };
		3CD05F651FCAA85800FEC161 /* tab_music_selected.png in Resources */ = {isa = PBXBuildFile; fileRef = 3CD05F5B1FCAA85800FEC161 /* tab_music_selected.png */; };
		3CD05F661FCAA85800FEC161 /* tab_music_normal.png in Resources */ = {isa = PBXBuildFile; fileRef = 3CD05F5C1FCAA85800FEC161 /* tab_music_normal.png */; };
		3CD05F671FCAA85800FEC161 /* tab_discover_selected.png in Resources */ = {isa = PBXBuildFile; fileRef = 3CD05F5D1FCAA85800FEC161 /* tab_discover_selected.png */; };
		3CD05F681FCAA85800FEC161 /* tab_discover_normal.png in Resources */ = {isa = PBXBuildFile; fileRef = 3CD05F5E1FCAA85800FEC161 /* tab_discover_normal.png */; };
		3CD05F691FCAA85800FEC161 /* tab_search_selected.png in Resources */ = {isa = PBXBuildFile; fileRef = 3CD05F5F1FCAA85800FEC161 /* tab_search_selected.png */; };
		3CD05F6B1FCAAA2B00FEC161 /* TabView.swift in Sources */ = {isa = PBXBuildFile; fileRef = 3CD05F6A1FCAAA2B00FEC161 /* TabView.swift */; };
		D1D73325D29EC0C73C0B9539 /* Pods_Music.framework in Frameworks */ = {isa = PBXBuildFile; fileRef = FCBFA9D0E44BFE7E7146AF3D /* Pods_Music.framework */; };
/* End PBXBuildFile section */

/* Begin PBXFileReference section */
		3C0407501FC3F02400080935 /* Music.app */ = {isa = PBXFileReference; explicitFileType = wrapper.application; includeInIndex = 0; path = Music.app; sourceTree = BUILT_PRODUCTS_DIR; };
		3C0407691FC3F5A800080935 /* AppDelegate.swift */ = {isa = PBXFileReference; fileEncoding = 4; lastKnownFileType = sourcecode.swift; path = AppDelegate.swift; sourceTree = "<group>"; };
		3C04076B1FC3F5A800080935 /* Info.plist */ = {isa = PBXFileReference; fileEncoding = 4; lastKnownFileType = text.plist.xml; path = Info.plist; sourceTree = "<group>"; };
		3C04076F1FC3F5A800080935 /* LaunchScreen.storyboard */ = {isa = PBXFileReference; fileEncoding = 4; lastKnownFileType = file.storyboard; path = LaunchScreen.storyboard; sourceTree = "<group>"; };
		3C04077A1FC3F5A800080935 /* Assets.xcassets */ = {isa = PBXFileReference; lastKnownFileType = folder.assetcatalog; path = Assets.xcassets; sourceTree = "<group>"; };
		3C0407831FC3FDA900080935 /* Music-Bridging-Header.h */ = {isa = PBXFileReference; lastKnownFileType = sourcecode.c.h; path = "Music-Bridging-Header.h"; sourceTree = "<group>"; };
		3C0407881FC3FFA400080935 /* GlobalMacro.swift */ = {isa = PBXFileReference; lastKnownFileType = sourcecode.swift; path = GlobalMacro.swift; sourceTree = "<group>"; };
		3C04078A1FC4001E00080935 /* NetworkMacro.swift */ = {isa = PBXFileReference; lastKnownFileType = sourcecode.swift; path = NetworkMacro.swift; sourceTree = "<group>"; };
		3C0EE6731FCAE53B00046C5A /* LanguageHelper.swift */ = {isa = PBXFileReference; lastKnownFileType = sourcecode.swift; path = LanguageHelper.swift; sourceTree = "<group>"; };
		3C0EE6751FCAE9AD00046C5A /* UserDefaultMacro.swift */ = {isa = PBXFileReference; lastKnownFileType = sourcecode.swift; path = UserDefaultMacro.swift; sourceTree = "<group>"; };
		3C16B8A61FCC68A000FAABCA /* common_btn_cd_activated.png */ = {isa = PBXFileReference; lastKnownFileType = image.png; path = common_btn_cd_activated.png; sourceTree = "<group>"; };
		3C16B8A71FCC68A000FAABCA /* common_btn_cd_normal.png */ = {isa = PBXFileReference; lastKnownFileType = image.png; path = common_btn_cd_normal.png; sourceTree = "<group>"; };
		3C16B8AE1FCDA95100FAABCA /* LoopPageView.swift */ = {isa = PBXFileReference; lastKnownFileType = sourcecode.swift; path = LoopPageView.swift; sourceTree = "<group>"; };
		3C16B8B01FCE3CFE00FAABCA /* UIView+Extension.swift */ = {isa = PBXFileReference; lastKnownFileType = sourcecode.swift; path = "UIView+Extension.swift"; sourceTree = "<group>"; };
		3C16B8B21FCE3EB300FAABCA /* default_cover_2.png */ = {isa = PBXFileReference; lastKnownFileType = image.png; path = default_cover_2.png; sourceTree = "<group>"; };
		3C16B8B41FCE497D00FAABCA /* FMPlayerView.xib */ = {isa = PBXFileReference; lastKnownFileType = file.xib; path = FMPlayerView.xib; sourceTree = "<group>"; };
		3C16B8B71FCE4E7A00FAABCA /* fm_player_btn_stop_pressed.png */ = {isa = PBXFileReference; lastKnownFileType = image.png; path = fm_player_btn_stop_pressed.png; sourceTree = "<group>"; };
		3C16B8B81FCE4E7A00FAABCA /* fm_player_btn_prev_normal.png */ = {isa = PBXFileReference; lastKnownFileType = image.png; path = fm_player_btn_prev_normal.png; sourceTree = "<group>"; };
		3C16B8B91FCE4E7A00FAABCA /* fm_player_btn_more_pressed.png */ = {isa = PBXFileReference; lastKnownFileType = image.png; path = fm_player_btn_more_pressed.png; sourceTree = "<group>"; };
		3C16B8BA1FCE4E7A00FAABCA /* fm_player_btn_play_pressed.png */ = {isa = PBXFileReference; lastKnownFileType = image.png; path = fm_player_btn_play_pressed.png; sourceTree = "<group>"; };
		3C16B8BB1FCE4E7A00FAABCA /* fm_player_btn_more_normal.png */ = {isa = PBXFileReference; lastKnownFileType = image.png; path = fm_player_btn_more_normal.png; sourceTree = "<group>"; };
		3C16B8BC1FCE4E7A00FAABCA /* fm_player_btn_play_normal.png */ = {isa = PBXFileReference; lastKnownFileType = image.png; path = fm_player_btn_play_normal.png; sourceTree = "<group>"; };
		3C16B8BD1FCE4E7A00FAABCA /* fm_player_btn_prev_pressed.png */ = {isa = PBXFileReference; lastKnownFileType = image.png; path = fm_player_btn_prev_pressed.png; sourceTree = "<group>"; };
		3C16B8BE1FCE4E7A00FAABCA /* fm_player_btn_next_pressed.png */ = {isa = PBXFileReference; lastKnownFileType = image.png; path = fm_player_btn_next_pressed.png; sourceTree = "<group>"; };
		3C16B8BF1FCE4E7A00FAABCA /* fm_player_btn_love_selected.png */ = {isa = PBXFileReference; lastKnownFileType = image.png; path = fm_player_btn_love_selected.png; sourceTree = "<group>"; };
		3C16B8C01FCE4E7A00FAABCA /* fm_player_btn_play_loading.png */ = {isa = PBXFileReference; lastKnownFileType = image.png; path = fm_player_btn_play_loading.png; sourceTree = "<group>"; };
		3C16B8C11FCE4E7A00FAABCA /* fm_player_btn_love_normal.png */ = {isa = PBXFileReference; lastKnownFileType = image.png; path = fm_player_btn_love_normal.png; sourceTree = "<group>"; };
		3C16B8C21FCE4E7A00FAABCA /* fm_player_btn_next_normal.png */ = {isa = PBXFileReference; lastKnownFileType = image.png; path = fm_player_btn_next_normal.png; sourceTree = "<group>"; };
		3C16B8C31FCE4E7A00FAABCA /* fm_player_btn_stop_normal.png */ = {isa = PBXFileReference; lastKnownFileType = image.png; path = fm_player_btn_stop_normal.png; sourceTree = "<group>"; };
		3C16B8D11FCE5B7000FAABCA /* FMPlayerView.swift */ = {isa = PBXFileReference; lastKnownFileType = sourcecode.swift; path = FMPlayerView.swift; sourceTree = "<group>"; };
		3C16B8D51FCE837E00FAABCA /* UIImage+Extension.swift */ = {isa = PBXFileReference; lastKnownFileType = sourcecode.swift; path = "UIImage+Extension.swift"; sourceTree = "<group>"; };
		3C16B8D71FCE85CD00FAABCA /* common_seek_img_thumb.png */ = {isa = PBXFileReference; lastKnownFileType = image.png; path = common_seek_img_thumb.png; sourceTree = "<group>"; };
		3C16B8D91FCE917E00FAABCA /* SliderView.swift */ = {isa = PBXFileReference; lastKnownFileType = sourcecode.swift; path = SliderView.swift; sourceTree = "<group>"; };
		3C16B8DC1FCEA62F00FAABCA /* PlayerHelper.swift */ = {isa = PBXFileReference; lastKnownFileType = sourcecode.swift; path = PlayerHelper.swift; sourceTree = "<group>"; };
		3C322AC51FD0EAAB00961348 /* DownloadTask.swift */ = {isa = PBXFileReference; lastKnownFileType = sourcecode.swift; path = DownloadTask.swift; sourceTree = "<group>"; };
		3C322AC71FD1040B00961348 /* bg.png */ = {isa = PBXFileReference; lastKnownFileType = image.png; path = bg.png; sourceTree = "<group>"; };
		3C367A6C1FCF08FF00F6323F /* UIImageView+Extension.swift */ = {isa = PBXFileReference; lastKnownFileType = sourcecode.swift; path = "UIImageView+Extension.swift"; sourceTree = "<group>"; };
		3C48ACC21FCB942A00B8992A /* UIColor+Extension.swift */ = {isa = PBXFileReference; lastKnownFileType = sourcecode.swift; path = "UIColor+Extension.swift"; sourceTree = "<group>"; };
		3C48ACC41FCBB0FA00B8992A /* Dictionary+Extension.swift */ = {isa = PBXFileReference; lastKnownFileType = sourcecode.swift; path = "Dictionary+Extension.swift"; sourceTree = "<group>"; };
		3C48ACC91FCBB69800B8992A /* ResultModel.swift */ = {isa = PBXFileReference; lastKnownFileType = sourcecode.swift; path = ResultModel.swift; sourceTree = "<group>"; };
		3C48ACCC1FCBB8D000B8992A /* HttpRequest.swift */ = {isa = PBXFileReference; lastKnownFileType = sourcecode.swift; path = HttpRequest.swift; sourceTree = "<group>"; };
		3C48ACD01FCBBC3C00B8992A /* BaseViewModel.swift */ = {isa = PBXFileReference; lastKnownFileType = sourcecode.swift; path = BaseViewModel.swift; sourceTree = "<group>"; };
		3C48ACD21FCBBC7800B8992A /* FMViewModel.swift */ = {isa = PBXFileReference; lastKnownFileType = sourcecode.swift; path = FMViewModel.swift; sourceTree = "<group>"; };
		3C48ACDC1FCBEABD00B8992A /* FMSongListResultModel.swift */ = {isa = PBXFileReference; fileEncoding = 4; lastKnownFileType = sourcecode.swift; path = FMSongListResultModel.swift; sourceTree = "<group>"; };
		3C48ACDD1FCBEABD00B8992A /* FMChannelListResultModel.swift */ = {isa = PBXFileReference; fileEncoding = 4; lastKnownFileType = sourcecode.swift; path = FMChannelListResultModel.swift; sourceTree = "<group>"; };
		3C48ACE01FCBEE7F00B8992A /* FMChannelView.swift */ = {isa = PBXFileReference; lastKnownFileType = sourcecode.swift; path = FMChannelView.swift; sourceTree = "<group>"; };
		3C526F681FCF95D80093B837 /* LyricView.swift */ = {isa = PBXFileReference; lastKnownFileType = sourcecode.swift; path = LyricView.swift; sourceTree = "<group>"; };
		3C526F721FD029B80093B837 /* default_ad_banner.png */ = {isa = PBXFileReference; lastKnownFileType = image.png; path = default_ad_banner.png; sourceTree = "<group>"; };
		3C526F791FD030580093B837 /* launch.png */ = {isa = PBXFileReference; lastKnownFileType = image.png; path = launch.png; sourceTree = "<group>"; };
		3C58CFC21FC94F1800045BA9 /* Log.swift */ = {isa = PBXFileReference; lastKnownFileType = sourcecode.swift; path = Log.swift; sourceTree = "<group>"; };
		3C58CFC51FC9525300045BA9 /* DataHelper.swift */ = {isa = PBXFileReference; lastKnownFileType = sourcecode.swift; path = DataHelper.swift; sourceTree = "<group>"; };
		3C58CFC81FC96AD700045BA9 /* test.png */ = {isa = PBXFileReference; lastKnownFileType = image.png; path = test.png; sourceTree = "<group>"; };
		3C58CFD21FC9A86700045BA9 /* String+Extension.swift */ = {isa = PBXFileReference; lastKnownFileType = sourcecode.swift; path = "String+Extension.swift"; sourceTree = "<group>"; };
		3C58CFD71FC9B41F00045BA9 /* test.lrc */ = {isa = PBXFileReference; fileEncoding = 4; lastKnownFileType = text; path = test.lrc; sourceTree = "<group>"; };
		3C58CFD91FC9B83600045BA9 /* Float+Extension.swift */ = {isa = PBXFileReference; lastKnownFileType = sourcecode.swift; path = "Float+Extension.swift"; sourceTree = "<group>"; };
		3C6203F21FC5AA6B003D2309 /* AudioFile.swift */ = {isa = PBXFileReference; fileEncoding = 4; lastKnownFileType = sourcecode.swift; path = AudioFile.swift; sourceTree = "<group>"; };
		3C6203F31FC5AA6B003D2309 /* AudioPlayer.swift */ = {isa = PBXFileReference; fileEncoding = 4; lastKnownFileType = sourcecode.swift; path = AudioPlayer.swift; sourceTree = "<group>"; };
		3C7C72621FC90AFA008793E6 /* MainViewController.swift */ = {isa = PBXFileReference; lastKnownFileType = sourcecode.swift; path = MainViewController.swift; sourceTree = "<group>"; };
		3C7C72641FC91B87008793E6 /* NotificationMacro.swift */ = {isa = PBXFileReference; lastKnownFileType = sourcecode.swift; path = NotificationMacro.swift; sourceTree = "<group>"; };
		3C7C72661FC924D6008793E6 /* Double+Extension.swift */ = {isa = PBXFileReference; lastKnownFileType = sourcecode.swift; path = "Double+Extension.swift"; sourceTree = "<group>"; };
		3CD05F301FCA953D00FEC161 /* en */ = {isa = PBXFileReference; lastKnownFileType = text.plist.strings; name = en; path = en.lproj/Localizable.strings; sourceTree = "<group>"; };
		3CD05F321FCA965900FEC161 /* zh-Hans */ = {isa = PBXFileReference; lastKnownFileType = text.plist.strings; name = "zh-Hans"; path = "zh-Hans.lproj/Localizable.strings"; sourceTree = "<group>"; };
		3CD05F341FCA96B200FEC161 /* Base */ = {isa = PBXFileReference; lastKnownFileType = text.plist.strings; name = Base; path = Base.lproj/Localizable.strings; sourceTree = "<group>"; };
		3CD05F3E1FCA9C5A00FEC161 /* Main.storyboard */ = {isa = PBXFileReference; fileEncoding = 4; lastKnownFileType = file.storyboard; path = Main.storyboard; sourceTree = "<group>"; };
		3CD05F491FCA9DBB00FEC161 /* FMView.swift */ = {isa = PBXFileReference; lastKnownFileType = sourcecode.swift; path = FMView.swift; sourceTree = "<group>"; };
		3CD05F4B1FCA9DC900FEC161 /* MyMusicView.swift */ = {isa = PBXFileReference; lastKnownFileType = sourcecode.swift; path = MyMusicView.swift; sourceTree = "<group>"; };
		3CD05F4D1FCA9DD900FEC161 /* DiscoverView.swift */ = {isa = PBXFileReference; lastKnownFileType = sourcecode.swift; path = DiscoverView.swift; sourceTree = "<group>"; };
		3CD05F4F1FCA9DE500FEC161 /* SearchView.swift */ = {isa = PBXFileReference; lastKnownFileType = sourcecode.swift; path = SearchView.swift; sourceTree = "<group>"; };
		3CD05F511FCA9DF100FEC161 /* MeView.swift */ = {isa = PBXFileReference; lastKnownFileType = sourcecode.swift; path = MeView.swift; sourceTree = "<group>"; };
		3CD05F531FCA9F8800FEC161 /* TabView.xib */ = {isa = PBXFileReference; lastKnownFileType = file.xib; path = TabView.xib; sourceTree = "<group>"; };
		3CD05F561FCAA85800FEC161 /* tab_mine_normal.png */ = {isa = PBXFileReference; lastKnownFileType = image.png; path = tab_mine_normal.png; sourceTree = "<group>"; };
		3CD05F571FCAA85800FEC161 /* tab_search_normal.png */ = {isa = PBXFileReference; lastKnownFileType = image.png; path = tab_search_normal.png; sourceTree = "<group>"; };
		3CD05F581FCAA85800FEC161 /* tab_fm_selected.png */ = {isa = PBXFileReference; lastKnownFileType = image.png; path = tab_fm_selected.png; sourceTree = "<group>"; };
		3CD05F591FCAA85800FEC161 /* tab_mine_selected.png */ = {isa = PBXFileReference; lastKnownFileType = image.png; path = tab_mine_selected.png; sourceTree = "<group>"; };
		3CD05F5A1FCAA85800FEC161 /* tab_fm_normal.png */ = {isa = PBXFileReference; lastKnownFileType = image.png; path = tab_fm_normal.png; sourceTree = "<group>"; };
		3CD05F5B1FCAA85800FEC161 /* tab_music_selected.png */ = {isa = PBXFileReference; lastKnownFileType = image.png; path = tab_music_selected.png; sourceTree = "<group>"; };
		3CD05F5C1FCAA85800FEC161 /* tab_music_normal.png */ = {isa = PBXFileReference; lastKnownFileType = image.png; path = tab_music_normal.png; sourceTree = "<group>"; };
		3CD05F5D1FCAA85800FEC161 /* tab_discover_selected.png */ = {isa = PBXFileReference; lastKnownFileType = image.png; path = tab_discover_selected.png; sourceTree = "<group>"; };
		3CD05F5E1FCAA85800FEC161 /* tab_discover_normal.png */ = {isa = PBXFileReference; lastKnownFileType = image.png; path = tab_discover_normal.png; sourceTree = "<group>"; };
		3CD05F5F1FCAA85800FEC161 /* tab_search_selected.png */ = {isa = PBXFileReference; lastKnownFileType = image.png; path = tab_search_selected.png; sourceTree = "<group>"; };
		3CD05F6A1FCAAA2B00FEC161 /* TabView.swift */ = {isa = PBXFileReference; lastKnownFileType = sourcecode.swift; path = TabView.swift; sourceTree = "<group>"; };
		B89383485B72D4E971086CE2 /* Pods-Music.release.xcconfig */ = {isa = PBXFileReference; includeInIndex = 1; lastKnownFileType = text.xcconfig; name = "Pods-Music.release.xcconfig"; path = "Pods/Target Support Files/Pods-Music/Pods-Music.release.xcconfig"; sourceTree = "<group>"; };
		F005EDEA8A1B070A812A7290 /* Pods-Music.debug.xcconfig */ = {isa = PBXFileReference; includeInIndex = 1; lastKnownFileType = text.xcconfig; name = "Pods-Music.debug.xcconfig"; path = "Pods/Target Support Files/Pods-Music/Pods-Music.debug.xcconfig"; sourceTree = "<group>"; };
		FCBFA9D0E44BFE7E7146AF3D /* Pods_Music.framework */ = {isa = PBXFileReference; explicitFileType = wrapper.framework; includeInIndex = 0; path = Pods_Music.framework; sourceTree = BUILT_PRODUCTS_DIR; };
/* End PBXFileReference section */

/* Begin PBXFrameworksBuildPhase section */
		3C04074D1FC3F02400080935 /* Frameworks */ = {
			isa = PBXFrameworksBuildPhase;
			buildActionMask = 2147483647;
			files = (
				D1D73325D29EC0C73C0B9539 /* Pods_Music.framework in Frameworks */,
			);
			runOnlyForDeploymentPostprocessing = 0;
		};
/* End PBXFrameworksBuildPhase section */

/* Begin PBXGroup section */
		02AB1B7E400DB1F8AE48B24F /* Pods */ = {
			isa = PBXGroup;
			children = (
				F005EDEA8A1B070A812A7290 /* Pods-Music.debug.xcconfig */,
				B89383485B72D4E971086CE2 /* Pods-Music.release.xcconfig */,
			);
			name = Pods;
			sourceTree = "<group>";
		};
		3C0407471FC3F02400080935 = {
			isa = PBXGroup;
			children = (
				3C0407521FC3F02400080935 /* Music */,
				3C0407511FC3F02400080935 /* Products */,
				02AB1B7E400DB1F8AE48B24F /* Pods */,
				D11CF59E9EE81CAC0CC27C7B /* Frameworks */,
			);
			sourceTree = "<group>";
		};
		3C0407511FC3F02400080935 /* Products */ = {
			isa = PBXGroup;
			children = (
				3C0407501FC3F02400080935 /* Music.app */,
			);
			name = Products;
			sourceTree = "<group>";
		};
		3C0407521FC3F02400080935 /* Music */ = {
			isa = PBXGroup;
			children = (
				3C0407681FC3F5A800080935 /* AppDelegate */,
				3C0407871FC3FF5B00080935 /* Macros */,
				3C04076C1FC3F5A800080935 /* General */,
				3C6203F01FC5A98F003D2309 /* Vendors */,
				3C58CFC41FC9523A00045BA9 /* Helpers */,
				3C0407671FC3F5A800080935 /* Model */,
				3C04076D1FC3F5A800080935 /* View */,
				3C04077B1FC3F5A800080935 /* ViewModel */,
				3C04076A1FC3F5A800080935 /* Config */,
				3C0407791FC3F5A800080935 /* Resource */,
			);
			path = Music;
			sourceTree = "<group>";
		};
		3C0407671FC3F5A800080935 /* Model */ = {
			isa = PBXGroup;
			children = (
				3C48ACC61FCBB66600B8992A /* Base */,
				3C48ACDD1FCBEABD00B8992A /* FMChannelListResultModel.swift */,
				3C48ACDC1FCBEABD00B8992A /* FMSongListResultModel.swift */,
			);
			path = Model;
			sourceTree = "<group>";
		};
		3C0407681FC3F5A800080935 /* AppDelegate */ = {
			isa = PBXGroup;
			children = (
				3C0407691FC3F5A800080935 /* AppDelegate.swift */,
			);
			path = AppDelegate;
			sourceTree = "<group>";
		};
		3C04076A1FC3F5A800080935 /* Config */ = {
			isa = PBXGroup;
			children = (
				3C0407831FC3FDA900080935 /* Music-Bridging-Header.h */,
				3C04076B1FC3F5A800080935 /* Info.plist */,
			);
			path = Config;
			sourceTree = "<group>";
		};
		3C04076C1FC3F5A800080935 /* General */ = {
			isa = PBXGroup;
			children = (
				3C48FE5A1FC852BF00EF6891 /* Classes */,
				3C48FE5B1FC852BF00EF6891 /* Extensions */,
				3C48FE591FC852BF00EF6891 /* Views */,
			);
			path = General;
			sourceTree = "<group>";
		};
		3C04076D1FC3F5A800080935 /* View */ = {
			isa = PBXGroup;
			children = (
				3C04076E1FC3F5A800080935 /* Launch */,
				3C0407701FC3F5A800080935 /* Main */,
			);
			path = View;
			sourceTree = "<group>";
		};
		3C04076E1FC3F5A800080935 /* Launch */ = {
			isa = PBXGroup;
			children = (
				3C04076F1FC3F5A800080935 /* LaunchScreen.storyboard */,
			);
			path = Launch;
			sourceTree = "<group>";
		};
		3C0407701FC3F5A800080935 /* Main */ = {
			isa = PBXGroup;
			children = (
				3C0407771FC3F5A800080935 /* Main */,
				3C7C725E1FC90A8F008793E6 /* FM */,
				3CD05F421FCA9CCE00FEC161 /* MyMusic */,
				3C7C72611FC90A8F008793E6 /* Discover */,
				3C0407731FC3F5A800080935 /* Search */,
				3C7C725F1FC90A8F008793E6 /* Me */,
			);
			path = Main;
			sourceTree = "<group>";
		};
		3C0407731FC3F5A800080935 /* Search */ = {
			isa = PBXGroup;
			children = (
				3CD05F4F1FCA9DE500FEC161 /* SearchView.swift */,
			);
			path = Search;
			sourceTree = "<group>";
		};
		3C0407771FC3F5A800080935 /* Main */ = {
			isa = PBXGroup;
			children = (
				3CD05F3E1FCA9C5A00FEC161 /* Main.storyboard */,
				3C7C72621FC90AFA008793E6 /* MainViewController.swift */,
				3CD05F531FCA9F8800FEC161 /* TabView.xib */,
				3CD05F6A1FCAAA2B00FEC161 /* TabView.swift */,
			);
			path = Main;
			sourceTree = "<group>";
		};
		3C0407791FC3F5A800080935 /* Resource */ = {
			isa = PBXGroup;
			children = (
				3C04077A1FC3F5A800080935 /* Assets.xcassets */,
				3CD05F2C1FCA951400FEC161 /* Language */,
				3C58CFD41FC9AC1900045BA9 /* Test */,
				3C58CFC71FC96AC100045BA9 /* Image */,
			);
			path = Resource;
			sourceTree = "<group>";
		};
		3C04077B1FC3F5A800080935 /* ViewModel */ = {
			isa = PBXGroup;
			children = (
				3C48ACCF1FCBBC0800B8992A /* Base */,
				3C48ACCE1FCBBBC600B8992A /* FM */,
			);
			path = ViewModel;
			sourceTree = "<group>";
		};
		3C0407871FC3FF5B00080935 /* Macros */ = {
			isa = PBXGroup;
			children = (
				3C0407881FC3FFA400080935 /* GlobalMacro.swift */,
				3C04078A1FC4001E00080935 /* NetworkMacro.swift */,
				3C7C72641FC91B87008793E6 /* NotificationMacro.swift */,
				3C0EE6751FCAE9AD00046C5A /* UserDefaultMacro.swift */,
			);
			path = Macros;
			sourceTree = "<group>";
		};
		3C16B8A51FCC68A000FAABCA /* Common */ = {
			isa = PBXGroup;
			children = (
				3C322AC71FD1040B00961348 /* bg.png */,
				3C526F721FD029B80093B837 /* default_ad_banner.png */,
				3C16B8D71FCE85CD00FAABCA /* common_seek_img_thumb.png */,
				3C16B8B21FCE3EB300FAABCA /* default_cover_2.png */,
				3C16B8A61FCC68A000FAABCA /* common_btn_cd_activated.png */,
				3C16B8A71FCC68A000FAABCA /* common_btn_cd_normal.png */,
			);
			path = Common;
			sourceTree = "<group>";
		};
		3C16B8B61FCE4E7A00FAABCA /* FM */ = {
			isa = PBXGroup;
			children = (
				3C16B8C11FCE4E7A00FAABCA /* fm_player_btn_love_normal.png */,
				3C16B8BF1FCE4E7A00FAABCA /* fm_player_btn_love_selected.png */,
				3C16B8B81FCE4E7A00FAABCA /* fm_player_btn_prev_normal.png */,
				3C16B8BD1FCE4E7A00FAABCA /* fm_player_btn_prev_pressed.png */,
				3C16B8C01FCE4E7A00FAABCA /* fm_player_btn_play_loading.png */,
				3C16B8BC1FCE4E7A00FAABCA /* fm_player_btn_play_normal.png */,
				3C16B8BA1FCE4E7A00FAABCA /* fm_player_btn_play_pressed.png */,
				3C16B8C31FCE4E7A00FAABCA /* fm_player_btn_stop_normal.png */,
				3C16B8B71FCE4E7A00FAABCA /* fm_player_btn_stop_pressed.png */,
				3C16B8C21FCE4E7A00FAABCA /* fm_player_btn_next_normal.png */,
				3C16B8B91FCE4E7A00FAABCA /* fm_player_btn_more_pressed.png */,
				3C16B8BB1FCE4E7A00FAABCA /* fm_player_btn_more_normal.png */,
				3C16B8BE1FCE4E7A00FAABCA /* fm_player_btn_next_pressed.png */,
			);
			path = FM;
			sourceTree = "<group>";
		};
		3C48ACC61FCBB66600B8992A /* Base */ = {
			isa = PBXGroup;
			children = (
				3C48ACC91FCBB69800B8992A /* ResultModel.swift */,
			);
			path = Base;
			sourceTree = "<group>";
		};
		3C48ACCB1FCBB89C00B8992A /* AFNetworking */ = {
			isa = PBXGroup;
			children = (
				3C48ACCC1FCBB8D000B8992A /* HttpRequest.swift */,
				3C322AC51FD0EAAB00961348 /* DownloadTask.swift */,
			);
			path = AFNetworking;
			sourceTree = "<group>";
		};
		3C48ACCE1FCBBBC600B8992A /* FM */ = {
			isa = PBXGroup;
			children = (
				3C48ACD21FCBBC7800B8992A /* FMViewModel.swift */,
			);
			path = FM;
			sourceTree = "<group>";
		};
		3C48ACCF1FCBBC0800B8992A /* Base */ = {
			isa = PBXGroup;
			children = (
				3C48ACD01FCBBC3C00B8992A /* BaseViewModel.swift */,
			);
			path = Base;
			sourceTree = "<group>";
		};
		3C48FE591FC852BF00EF6891 /* Views */ = {
			isa = PBXGroup;
			children = (
				3C16B8AE1FCDA95100FAABCA /* LoopPageView.swift */,
				3C16B8D91FCE917E00FAABCA /* SliderView.swift */,
				3C526F681FCF95D80093B837 /* LyricView.swift */,
			);
			path = Views;
			sourceTree = "<group>";
		};
		3C48FE5A1FC852BF00EF6891 /* Classes */ = {
			isa = PBXGroup;
			children = (
				3C58CFC21FC94F1800045BA9 /* Log.swift */,
			);
			path = Classes;
			sourceTree = "<group>";
		};
		3C48FE5B1FC852BF00EF6891 /* Extensions */ = {
			isa = PBXGroup;
			children = (
				3C7C72661FC924D6008793E6 /* Double+Extension.swift */,
				3C58CFD21FC9A86700045BA9 /* String+Extension.swift */,
				3C58CFD91FC9B83600045BA9 /* Float+Extension.swift */,
				3C48ACC21FCB942A00B8992A /* UIColor+Extension.swift */,
				3C48ACC41FCBB0FA00B8992A /* Dictionary+Extension.swift */,
				3C16B8B01FCE3CFE00FAABCA /* UIView+Extension.swift */,
				3C16B8D51FCE837E00FAABCA /* UIImage+Extension.swift */,
				3C367A6C1FCF08FF00F6323F /* UIImageView+Extension.swift */,
			);
			path = Extensions;
			sourceTree = "<group>";
		};
		3C526F741FD02E480093B837 /* Launch */ = {
			isa = PBXGroup;
			children = (
				3C526F791FD030580093B837 /* launch.png */,
			);
			path = Launch;
			sourceTree = "<group>";
		};
		3C58CFC41FC9523A00045BA9 /* Helpers */ = {
			isa = PBXGroup;
			children = (
				3C58CFC51FC9525300045BA9 /* DataHelper.swift */,
				3C0EE6731FCAE53B00046C5A /* LanguageHelper.swift */,
				3C16B8DC1FCEA62F00FAABCA /* PlayerHelper.swift */,
			);
			path = Helpers;
			sourceTree = "<group>";
		};
		3C58CFC71FC96AC100045BA9 /* Image */ = {
			isa = PBXGroup;
			children = (
				3C526F741FD02E480093B837 /* Launch */,
				3CD05F551FCAA85800FEC161 /* Main */,
				3C16B8B61FCE4E7A00FAABCA /* FM */,
				3C16B8A51FCC68A000FAABCA /* Common */,
				3C58CFC81FC96AD700045BA9 /* test.png */,
			);
			path = Image;
			sourceTree = "<group>";
		};
		3C58CFD41FC9AC1900045BA9 /* Test */ = {
			isa = PBXGroup;
			children = (
				3C58CFD71FC9B41F00045BA9 /* test.lrc */,
			);
			path = Test;
			sourceTree = "<group>";
		};
		3C6203F01FC5A98F003D2309 /* Vendors */ = {
			isa = PBXGroup;
			children = (
				3C48ACCB1FCBB89C00B8992A /* AFNetworking */,
				3C6203F11FC5A9D1003D2309 /* DOUAudioStreamer */,
			);
			path = Vendors;
			sourceTree = "<group>";
		};
		3C6203F11FC5A9D1003D2309 /* DOUAudioStreamer */ = {
			isa = PBXGroup;
			children = (
				3C6203F21FC5AA6B003D2309 /* AudioFile.swift */,
				3C6203F31FC5AA6B003D2309 /* AudioPlayer.swift */,
			);
			path = DOUAudioStreamer;
			sourceTree = "<group>";
		};
		3C7C725E1FC90A8F008793E6 /* FM */ = {
			isa = PBXGroup;
			children = (
				3CD05F491FCA9DBB00FEC161 /* FMView.swift */,
				3C48ACE01FCBEE7F00B8992A /* FMChannelView.swift */,
				3C16B8B41FCE497D00FAABCA /* FMPlayerView.xib */,
				3C16B8D11FCE5B7000FAABCA /* FMPlayerView.swift */,
			);
			path = FM;
			sourceTree = "<group>";
		};
		3C7C725F1FC90A8F008793E6 /* Me */ = {
			isa = PBXGroup;
			children = (
				3CD05F511FCA9DF100FEC161 /* MeView.swift */,
			);
			path = Me;
			sourceTree = "<group>";
		};
		3C7C72611FC90A8F008793E6 /* Discover */ = {
			isa = PBXGroup;
			children = (
				3CD05F4D1FCA9DD900FEC161 /* DiscoverView.swift */,
			);
			path = Discover;
			sourceTree = "<group>";
		};
		3CD05F2C1FCA951400FEC161 /* Language */ = {
			isa = PBXGroup;
			children = (
				3CD05F311FCA953D00FEC161 /* Localizable.strings */,
			);
			path = Language;
			sourceTree = "<group>";
		};
		3CD05F421FCA9CCE00FEC161 /* MyMusic */ = {
			isa = PBXGroup;
			children = (
				3CD05F4B1FCA9DC900FEC161 /* MyMusicView.swift */,
			);
			path = MyMusic;
			sourceTree = "<group>";
		};
		3CD05F551FCAA85800FEC161 /* Main */ = {
			isa = PBXGroup;
			children = (
				3CD05F561FCAA85800FEC161 /* tab_mine_normal.png */,
				3CD05F571FCAA85800FEC161 /* tab_search_normal.png */,
				3CD05F581FCAA85800FEC161 /* tab_fm_selected.png */,
				3CD05F591FCAA85800FEC161 /* tab_mine_selected.png */,
				3CD05F5A1FCAA85800FEC161 /* tab_fm_normal.png */,
				3CD05F5B1FCAA85800FEC161 /* tab_music_selected.png */,
				3CD05F5C1FCAA85800FEC161 /* tab_music_normal.png */,
				3CD05F5D1FCAA85800FEC161 /* tab_discover_selected.png */,
				3CD05F5E1FCAA85800FEC161 /* tab_discover_normal.png */,
				3CD05F5F1FCAA85800FEC161 /* tab_search_selected.png */,
			);
			path = Main;
			sourceTree = "<group>";
		};
		D11CF59E9EE81CAC0CC27C7B /* Frameworks */ = {
			isa = PBXGroup;
			children = (
				FCBFA9D0E44BFE7E7146AF3D /* Pods_Music.framework */,
			);
			name = Frameworks;
			sourceTree = "<group>";
		};
/* End PBXGroup section */

/* Begin PBXNativeTarget section */
		3C04074F1FC3F02400080935 /* Music */ = {
			isa = PBXNativeTarget;
			buildConfigurationList = 3C0407641FC3F02400080935 /* Build configuration list for PBXNativeTarget "Music" */;
			buildPhases = (
				924332E9E38A19E42C79AA76 /* [CP] Check Pods Manifest.lock */,
				3C04074C1FC3F02400080935 /* Sources */,
				3C04074D1FC3F02400080935 /* Frameworks */,
				3C04074E1FC3F02400080935 /* Resources */,
				50BFDAC97F40F028793471D2 /* [CP] Embed Pods Frameworks */,
				A76B3C6ABF3D6794E79C6276 /* [CP] Copy Pods Resources */,
			);
			buildRules = (
			);
			dependencies = (
			);
			name = Music;
			productName = Music;
			productReference = 3C0407501FC3F02400080935 /* Music.app */;
			productType = "com.apple.product-type.application";
		};
/* End PBXNativeTarget section */

/* Begin PBXProject section */
		3C0407481FC3F02400080935 /* Project object */ = {
			isa = PBXProject;
			attributes = {
				LastSwiftUpdateCheck = 0910;
				LastUpgradeCheck = 0910;
				ORGANIZATIONNAME = demo;
				TargetAttributes = {
					3C04074F1FC3F02400080935 = {
						CreatedOnToolsVersion = 9.1;
						LastSwiftMigration = 0910;
						ProvisioningStyle = Automatic;
						SystemCapabilities = {
							com.apple.BackgroundModes = {
								enabled = 1;
							};
						};
					};
				};
			};
			buildConfigurationList = 3C04074B1FC3F02400080935 /* Build configuration list for PBXProject "Music" */;
			compatibilityVersion = "Xcode 8.0";
			developmentRegion = en;
			hasScannedForEncodings = 0;
			knownRegions = (
				en,
				Base,
				"zh-Hans",
			);
			mainGroup = 3C0407471FC3F02400080935;
			productRefGroup = 3C0407511FC3F02400080935 /* Products */;
			projectDirPath = "";
			projectRoot = "";
			targets = (
				3C04074F1FC3F02400080935 /* Music */,
			);
		};
/* End PBXProject section */

/* Begin PBXResourcesBuildPhase section */
		3C04074E1FC3F02400080935 /* Resources */ = {
			isa = PBXResourcesBuildPhase;
			buildActionMask = 2147483647;
			files = (
				3C526F7A1FD030580093B837 /* launch.png in Resources */,
				3CD05F661FCAA85800FEC161 /* tab_music_normal.png in Resources */,
				3C16B8CA1FCE4E7A00FAABCA /* fm_player_btn_prev_pressed.png in Resources */,
				3CD05F3F1FCA9C5A00FEC161 /* Main.storyboard in Resources */,
				3CD05F681FCAA85800FEC161 /* tab_discover_normal.png in Resources */,
				3CD05F541FCA9F8800FEC161 /* TabView.xib in Resources */,
				3C16B8CD1FCE4E7A00FAABCA /* fm_player_btn_play_loading.png in Resources */,
				3C16B8B51FCE497D00FAABCA /* FMPlayerView.xib in Resources */,
				3CD05F611FCAA85800FEC161 /* tab_search_normal.png in Resources */,
				3C16B8C41FCE4E7A00FAABCA /* fm_player_btn_stop_pressed.png in Resources */,
				3C16B8A81FCC68A000FAABCA /* common_btn_cd_activated.png in Resources */,
				3C16B8CC1FCE4E7A00FAABCA /* fm_player_btn_love_selected.png in Resources */,
				3C58CFC91FC96AD800045BA9 /* test.png in Resources */,
				3C16B8B31FCE3EB400FAABCA /* default_cover_2.png in Resources */,
				3C04077D1FC3F5A800080935 /* Info.plist in Resources */,
				3CD05F641FCAA85800FEC161 /* tab_fm_normal.png in Resources */,
				3C16B8D01FCE4E7A00FAABCA /* fm_player_btn_stop_normal.png in Resources */,
				3CD05F2F1FCA953D00FEC161 /* Localizable.strings in Resources */,
				3C16B8CF1FCE4E7A00FAABCA /* fm_player_btn_next_normal.png in Resources */,
				3CD05F621FCAA85800FEC161 /* tab_fm_selected.png in Resources */,
				3CD05F671FCAA85800FEC161 /* tab_discover_selected.png in Resources */,
				3C16B8C91FCE4E7A00FAABCA /* fm_player_btn_play_normal.png in Resources */,
				3C0407821FC3F5A800080935 /* Assets.xcassets in Resources */,
				3C16B8CE1FCE4E7A00FAABCA /* fm_player_btn_love_normal.png in Resources */,
				3C16B8D81FCE85CD00FAABCA /* common_seek_img_thumb.png in Resources */,
				3C16B8A91FCC68A000FAABCA /* common_btn_cd_normal.png in Resources */,
				3C322AC81FD1040B00961348 /* bg.png in Resources */,
				3C16B8C61FCE4E7A00FAABCA /* fm_player_btn_more_pressed.png in Resources */,
				3C04077E1FC3F5A800080935 /* LaunchScreen.storyboard in Resources */,
				3CD05F651FCAA85800FEC161 /* tab_music_selected.png in Resources */,
				3CD05F691FCAA85800FEC161 /* tab_search_selected.png in Resources */,
				3C526F731FD029B80093B837 /* default_ad_banner.png in Resources */,
				3CD05F601FCAA85800FEC161 /* tab_mine_normal.png in Resources */,
				3C16B8CB1FCE4E7A00FAABCA /* fm_player_btn_next_pressed.png in Resources */,
				3C16B8C81FCE4E7A00FAABCA /* fm_player_btn_more_normal.png in Resources */,
				3C58CFD81FC9B41F00045BA9 /* test.lrc in Resources */,
				3C16B8C71FCE4E7A00FAABCA /* fm_player_btn_play_pressed.png in Resources */,
				3C16B8C51FCE4E7A00FAABCA /* fm_player_btn_prev_normal.png in Resources */,
				3CD05F631FCAA85800FEC161 /* tab_mine_selected.png in Resources */,
			);
			runOnlyForDeploymentPostprocessing = 0;
		};
/* End PBXResourcesBuildPhase section */

/* Begin PBXShellScriptBuildPhase section */
		50BFDAC97F40F028793471D2 /* [CP] Embed Pods Frameworks */ = {
			isa = PBXShellScriptBuildPhase;
			buildActionMask = 2147483647;
			files = (
			);
			inputPaths = (
				"${SRCROOT}/Pods/Target Support Files/Pods-Music/Pods-Music-frameworks.sh",
				"${BUILT_PRODUCTS_DIR}/AFNetworking/AFNetworking.framework",
				"${BUILT_PRODUCTS_DIR}/DOUAudioStreamer/DOUAudioStreamer.framework",
				"${BUILT_PRODUCTS_DIR}/MJExtension/MJExtension.framework",
				"${BUILT_PRODUCTS_DIR}/MJRefresh/MJRefresh.framework",
				"${BUILT_PRODUCTS_DIR}/SDWebImage/SDWebImage.framework",
				"${BUILT_PRODUCTS_DIR}/SnapKit/SnapKit.framework",
			);
			name = "[CP] Embed Pods Frameworks";
			outputPaths = (
				"${TARGET_BUILD_DIR}/${FRAMEWORKS_FOLDER_PATH}/AFNetworking.framework",
				"${TARGET_BUILD_DIR}/${FRAMEWORKS_FOLDER_PATH}/DOUAudioStreamer.framework",
				"${TARGET_BUILD_DIR}/${FRAMEWORKS_FOLDER_PATH}/MJExtension.framework",
				"${TARGET_BUILD_DIR}/${FRAMEWORKS_FOLDER_PATH}/MJRefresh.framework",
				"${TARGET_BUILD_DIR}/${FRAMEWORKS_FOLDER_PATH}/SDWebImage.framework",
				"${TARGET_BUILD_DIR}/${FRAMEWORKS_FOLDER_PATH}/SnapKit.framework",
			);
			runOnlyForDeploymentPostprocessing = 0;
			shellPath = /bin/sh;
			shellScript = "\"${SRCROOT}/Pods/Target Support Files/Pods-Music/Pods-Music-frameworks.sh\"\n";
			showEnvVarsInLog = 0;
		};
		924332E9E38A19E42C79AA76 /* [CP] Check Pods Manifest.lock */ = {
			isa = PBXShellScriptBuildPhase;
			buildActionMask = 2147483647;
			files = (
			);
			inputPaths = (
				"${PODS_PODFILE_DIR_PATH}/Podfile.lock",
				"${PODS_ROOT}/Manifest.lock",
			);
			name = "[CP] Check Pods Manifest.lock";
			outputPaths = (
				"$(DERIVED_FILE_DIR)/Pods-Music-checkManifestLockResult.txt",
			);
			runOnlyForDeploymentPostprocessing = 0;
			shellPath = /bin/sh;
			shellScript = "diff \"${PODS_PODFILE_DIR_PATH}/Podfile.lock\" \"${PODS_ROOT}/Manifest.lock\" > /dev/null\nif [ $? != 0 ] ; then\n    # print error to STDERR\n    echo \"error: The sandbox is not in sync with the Podfile.lock. Run 'pod install' or update your CocoaPods installation.\" >&2\n    exit 1\nfi\n# This output is used by Xcode 'outputs' to avoid re-running this script phase.\necho \"SUCCESS\" > \"${SCRIPT_OUTPUT_FILE_0}\"\n";
			showEnvVarsInLog = 0;
		};
		A76B3C6ABF3D6794E79C6276 /* [CP] Copy Pods Resources */ = {
			isa = PBXShellScriptBuildPhase;
			buildActionMask = 2147483647;
			files = (
			);
			inputPaths = (
				"${SRCROOT}/Pods/Target Support Files/Pods-Music/Pods-Music-resources.sh",
				"${PODS_ROOT}/MJRefresh/MJRefresh/MJRefresh.bundle",
			);
			name = "[CP] Copy Pods Resources";
			outputPaths = (
				"${TARGET_BUILD_DIR}/${UNLOCALIZED_RESOURCES_FOLDER_PATH}",
			);
			runOnlyForDeploymentPostprocessing = 0;
			shellPath = /bin/sh;
			shellScript = "\"${SRCROOT}/Pods/Target Support Files/Pods-Music/Pods-Music-resources.sh\"\n";
			showEnvVarsInLog = 0;
		};
/* End PBXShellScriptBuildPhase section */

/* Begin PBXSourcesBuildPhase section */
		3C04074C1FC3F02400080935 /* Sources */ = {
			isa = PBXSourcesBuildPhase;
			buildActionMask = 2147483647;
			files = (
				3C16B8B11FCE3CFE00FAABCA /* UIView+Extension.swift in Sources */,
				3C16B8D21FCE5B7000FAABCA /* FMPlayerView.swift in Sources */,
				3C48ACDF1FCBEABD00B8992A /* FMChannelListResultModel.swift in Sources */,
				3C48ACD31FCBBC7800B8992A /* FMViewModel.swift in Sources */,
				3CD05F521FCA9DF100FEC161 /* MeView.swift in Sources */,
				3CD05F4E1FCA9DD900FEC161 /* DiscoverView.swift in Sources */,
				3CD05F4A1FCA9DBB00FEC161 /* FMView.swift in Sources */,
				3C04077C1FC3F5A800080935 /* AppDelegate.swift in Sources */,
				3C48ACCD1FCBB8D000B8992A /* HttpRequest.swift in Sources */,
				3C6203F51FC5AA6C003D2309 /* AudioPlayer.swift in Sources */,
				3C58CFC31FC94F1800045BA9 /* Log.swift in Sources */,
				3C0EE6761FCAE9AD00046C5A /* UserDefaultMacro.swift in Sources */,
				3C7C72671FC924D6008793E6 /* Double+Extension.swift in Sources */,
				3C48ACCA1FCBB69800B8992A /* ResultModel.swift in Sources */,
				3C367A6D1FCF08FF00F6323F /* UIImageView+Extension.swift in Sources */,
				3C48ACE11FCBEE7F00B8992A /* FMChannelView.swift in Sources */,
				3C322AC61FD0EAAB00961348 /* DownloadTask.swift in Sources */,
				3C58CFDA1FC9B83600045BA9 /* Float+Extension.swift in Sources */,
				3C48ACDE1FCBEABD00B8992A /* FMSongListResultModel.swift in Sources */,
				3C48ACC51FCBB0FA00B8992A /* Dictionary+Extension.swift in Sources */,
				3C0EE6741FCAE53B00046C5A /* LanguageHelper.swift in Sources */,
				3C16B8DA1FCE917E00FAABCA /* SliderView.swift in Sources */,
				3CD05F6B1FCAAA2B00FEC161 /* TabView.swift in Sources */,
				3C16B8D61FCE837E00FAABCA /* UIImage+Extension.swift in Sources */,
				3C7C72651FC91B87008793E6 /* NotificationMacro.swift in Sources */,
				3C48ACD11FCBBC3C00B8992A /* BaseViewModel.swift in Sources */,
				3CD05F501FCA9DE500FEC161 /* SearchView.swift in Sources */,
				3C58CFD31FC9A86700045BA9 /* String+Extension.swift in Sources */,
				3C0407891FC3FFA400080935 /* GlobalMacro.swift in Sources */,
				3C48ACC31FCB942A00B8992A /* UIColor+Extension.swift in Sources */,
				3C526F691FCF95D80093B837 /* LyricView.swift in Sources */,
				3C58CFC61FC9525300045BA9 /* DataHelper.swift in Sources */,
				3C7C72631FC90AFA008793E6 /* MainViewController.swift in Sources */,
				3C04078B1FC4001E00080935 /* NetworkMacro.swift in Sources */,
				3CD05F4C1FCA9DC900FEC161 /* MyMusicView.swift in Sources */,
				3C16B8AF1FCDA95100FAABCA /* LoopPageView.swift in Sources */,
				3C6203F41FC5AA6C003D2309 /* AudioFile.swift in Sources */,
				3C16B8DD1FCEA63000FAABCA /* PlayerHelper.swift in Sources */,
			);
			runOnlyForDeploymentPostprocessing = 0;
		};
/* End PBXSourcesBuildPhase section */

/* Begin PBXVariantGroup section */
		3CD05F311FCA953D00FEC161 /* Localizable.strings */ = {
			isa = PBXVariantGroup;
			children = (
				3CD05F301FCA953D00FEC161 /* en */,
				3CD05F321FCA965900FEC161 /* zh-Hans */,
				3CD05F341FCA96B200FEC161 /* Base */,
			);
			name = Localizable.strings;
			sourceTree = "<group>";
		};
/* End PBXVariantGroup section */

/* Begin XCBuildConfiguration section */
		3C0407621FC3F02400080935 /* Debug */ = {
			isa = XCBuildConfiguration;
			buildSettings = {
				ALWAYS_SEARCH_USER_PATHS = NO;
				CLANG_ANALYZER_LOCALIZABILITY_NONLOCALIZED = YES;
				CLANG_ANALYZER_NONNULL = YES;
				CLANG_ANALYZER_NUMBER_OBJECT_CONVERSION = YES_AGGRESSIVE;
				CLANG_CXX_LANGUAGE_STANDARD = "gnu++14";
				CLANG_CXX_LIBRARY = "libc++";
				CLANG_ENABLE_MODULES = YES;
				CLANG_ENABLE_OBJC_ARC = YES;
				CLANG_WARN_BLOCK_CAPTURE_AUTORELEASING = YES;
				CLANG_WARN_BOOL_CONVERSION = YES;
				CLANG_WARN_COMMA = YES;
				CLANG_WARN_CONSTANT_CONVERSION = YES;
				CLANG_WARN_DIRECT_OBJC_ISA_USAGE = YES_ERROR;
				CLANG_WARN_DOCUMENTATION_COMMENTS = YES;
				CLANG_WARN_EMPTY_BODY = YES;
				CLANG_WARN_ENUM_CONVERSION = YES;
				CLANG_WARN_INFINITE_RECURSION = YES;
				CLANG_WARN_INT_CONVERSION = YES;
				CLANG_WARN_NON_LITERAL_NULL_CONVERSION = YES;
				CLANG_WARN_OBJC_LITERAL_CONVERSION = YES;
				CLANG_WARN_OBJC_ROOT_CLASS = YES_ERROR;
				CLANG_WARN_RANGE_LOOP_ANALYSIS = YES;
				CLANG_WARN_STRICT_PROTOTYPES = YES;
				CLANG_WARN_SUSPICIOUS_MOVE = YES;
				CLANG_WARN_UNGUARDED_AVAILABILITY = YES_AGGRESSIVE;
				CLANG_WARN_UNREACHABLE_CODE = YES;
				CLANG_WARN__DUPLICATE_METHOD_MATCH = YES;
				CODE_SIGN_IDENTITY = "iPhone Developer";
				COPY_PHASE_STRIP = NO;
				DEBUG_INFORMATION_FORMAT = dwarf;
				ENABLE_STRICT_OBJC_MSGSEND = YES;
				ENABLE_TESTABILITY = YES;
				GCC_C_LANGUAGE_STANDARD = gnu11;
				GCC_DYNAMIC_NO_PIC = NO;
				GCC_NO_COMMON_BLOCKS = YES;
				GCC_OPTIMIZATION_LEVEL = 0;
				GCC_PREPROCESSOR_DEFINITIONS = (
					"DEBUG=1",
					"$(inherited)",
				);
				GCC_WARN_64_TO_32_BIT_CONVERSION = YES;
				GCC_WARN_ABOUT_RETURN_TYPE = YES_ERROR;
				GCC_WARN_UNDECLARED_SELECTOR = YES;
				GCC_WARN_UNINITIALIZED_AUTOS = YES_AGGRESSIVE;
				GCC_WARN_UNUSED_FUNCTION = YES;
				GCC_WARN_UNUSED_VARIABLE = YES;
				IPHONEOS_DEPLOYMENT_TARGET = 11.1;
				MTL_ENABLE_DEBUG_INFO = YES;
				ONLY_ACTIVE_ARCH = YES;
				SDKROOT = iphoneos;
				SWIFT_ACTIVE_COMPILATION_CONDITIONS = DEBUG;
				SWIFT_OPTIMIZATION_LEVEL = "-Onone";
			};
			name = Debug;
		};
		3C0407631FC3F02400080935 /* Release */ = {
			isa = XCBuildConfiguration;
			buildSettings = {
				ALWAYS_SEARCH_USER_PATHS = NO;
				CLANG_ANALYZER_LOCALIZABILITY_NONLOCALIZED = YES;
				CLANG_ANALYZER_NONNULL = YES;
				CLANG_ANALYZER_NUMBER_OBJECT_CONVERSION = YES_AGGRESSIVE;
				CLANG_CXX_LANGUAGE_STANDARD = "gnu++14";
				CLANG_CXX_LIBRARY = "libc++";
				CLANG_ENABLE_MODULES = YES;
				CLANG_ENABLE_OBJC_ARC = YES;
				CLANG_WARN_BLOCK_CAPTURE_AUTORELEASING = YES;
				CLANG_WARN_BOOL_CONVERSION = YES;
				CLANG_WARN_COMMA = YES;
				CLANG_WARN_CONSTANT_CONVERSION = YES;
				CLANG_WARN_DIRECT_OBJC_ISA_USAGE = YES_ERROR;
				CLANG_WARN_DOCUMENTATION_COMMENTS = YES;
				CLANG_WARN_EMPTY_BODY = YES;
				CLANG_WARN_ENUM_CONVERSION = YES;
				CLANG_WARN_INFINITE_RECURSION = YES;
				CLANG_WARN_INT_CONVERSION = YES;
				CLANG_WARN_NON_LITERAL_NULL_CONVERSION = YES;
				CLANG_WARN_OBJC_LITERAL_CONVERSION = YES;
				CLANG_WARN_OBJC_ROOT_CLASS = YES_ERROR;
				CLANG_WARN_RANGE_LOOP_ANALYSIS = YES;
				CLANG_WARN_STRICT_PROTOTYPES = YES;
				CLANG_WARN_SUSPICIOUS_MOVE = YES;
				CLANG_WARN_UNGUARDED_AVAILABILITY = YES_AGGRESSIVE;
				CLANG_WARN_UNREACHABLE_CODE = YES;
				CLANG_WARN__DUPLICATE_METHOD_MATCH = YES;
				CODE_SIGN_IDENTITY = "iPhone Developer";
				COPY_PHASE_STRIP = NO;
				DEBUG_INFORMATION_FORMAT = "dwarf-with-dsym";
				ENABLE_NS_ASSERTIONS = NO;
				ENABLE_STRICT_OBJC_MSGSEND = YES;
				GCC_C_LANGUAGE_STANDARD = gnu11;
				GCC_NO_COMMON_BLOCKS = YES;
				GCC_WARN_64_TO_32_BIT_CONVERSION = YES;
				GCC_WARN_ABOUT_RETURN_TYPE = YES_ERROR;
				GCC_WARN_UNDECLARED_SELECTOR = YES;
				GCC_WARN_UNINITIALIZED_AUTOS = YES_AGGRESSIVE;
				GCC_WARN_UNUSED_FUNCTION = YES;
				GCC_WARN_UNUSED_VARIABLE = YES;
				IPHONEOS_DEPLOYMENT_TARGET = 11.1;
				MTL_ENABLE_DEBUG_INFO = NO;
				SDKROOT = iphoneos;
				SWIFT_OPTIMIZATION_LEVEL = "-Owholemodule";
				VALIDATE_PRODUCT = YES;
			};
			name = Release;
		};
		3C0407651FC3F02400080935 /* Debug */ = {
			isa = XCBuildConfiguration;
			baseConfigurationReference = F005EDEA8A1B070A812A7290 /* Pods-Music.debug.xcconfig */;
			buildSettings = {
				ASSETCATALOG_COMPILER_APPICON_NAME = AppIcon;
				CLANG_ENABLE_MODULES = YES;
				CODE_SIGN_STYLE = Automatic;
				DEVELOPMENT_TEAM = H5AE4A2ZJQ;
				HEADER_SEARCH_PATHS = "${SRCROOT}/**";
				INFOPLIST_FILE = "$(SRCROOT)/Music/Config/Info.plist";
				IPHONEOS_DEPLOYMENT_TARGET = 8.0;
				LD_RUNPATH_SEARCH_PATHS = "$(inherited) @executable_path/Frameworks";
				PRODUCT_BUNDLE_IDENTIFIER = com.demo.Music;
				PRODUCT_NAME = "$(TARGET_NAME)";
				SWIFT_OBJC_BRIDGING_HEADER = "Music/Config/Music-Bridging-Header.h";
				SWIFT_OPTIMIZATION_LEVEL = "-Onone";
				SWIFT_VERSION = 3.0;
				TARGETED_DEVICE_FAMILY = 1;
			};
			name = Debug;
		};
		3C0407661FC3F02400080935 /* Release */ = {
			isa = XCBuildConfiguration;
			baseConfigurationReference = B89383485B72D4E971086CE2 /* Pods-Music.release.xcconfig */;
			buildSettings = {
				ASSETCATALOG_COMPILER_APPICON_NAME = AppIcon;
				CLANG_ENABLE_MODULES = YES;
				CODE_SIGN_STYLE = Automatic;
				DEVELOPMENT_TEAM = H5AE4A2ZJQ;
				HEADER_SEARCH_PATHS = "${SRCROOT}/**";
				INFOPLIST_FILE = "$(SRCROOT)/Music/Config/Info.plist";
				IPHONEOS_DEPLOYMENT_TARGET = 8.0;
				LD_RUNPATH_SEARCH_PATHS = "$(inherited) @executable_path/Frameworks";
				PRODUCT_BUNDLE_IDENTIFIER = com.demo.Music;
				PRODUCT_NAME = "$(TARGET_NAME)";
				SWIFT_OBJC_BRIDGING_HEADER = "Music/Config/Music-Bridging-Header.h";
				SWIFT_VERSION = 3.0;
				TARGETED_DEVICE_FAMILY = 1;
			};
			name = Release;
		};
/* End XCBuildConfiguration section */

/* Begin XCConfigurationList section */
		3C04074B1FC3F02400080935 /* Build configuration list for PBXProject "Music" */ = {
			isa = XCConfigurationList;
			buildConfigurations = (
				3C0407621FC3F02400080935 /* Debug */,
				3C0407631FC3F02400080935 /* Release */,
			);
			defaultConfigurationIsVisible = 0;
			defaultConfigurationName = Release;
		};
		3C0407641FC3F02400080935 /* Build configuration list for PBXNativeTarget "Music" */ = {
			isa = XCConfigurationList;
			buildConfigurations = (
				3C0407651FC3F02400080935 /* Debug */,
				3C0407661FC3F02400080935 /* Release */,
			);
			defaultConfigurationIsVisible = 0;
			defaultConfigurationName = Release;
		};
/* End XCConfigurationList section */
	};
	rootObject = 3C0407481FC3F02400080935 /* Project object */;
}
